
Microsoft Visual Studio Solution File, Format Version 12.00
# Visual Studio Version 17
VisualStudioVersion = 17.14.36414.22
MinimumVisualStudioVersion = 10.0.40219.1
Project("{2150E333-8FDC-42A3-9474-1A3956D46DE8}") = "Task0", "Task0", "{02EA681E-C7D8-13C7-8484-4AC65E1B71E8}"
EndProject
Project("{FAE04EC0-301F-11D3-BF4B-00C04F79EFBC}") = "Tyuiu.NeupokoevSV.Sprint2.Task0.V26", "Tyuiu.NeupokoevSV.Sprint2.Task0.V26\Tyuiu.NeupokoevSV.Sprint2.Task0.V26.csproj", "{BCEF3392-17CE-4D9A-91C6-488C318DA20D}"
EndProject
Project("{FAE04EC0-301F-11D3-BF4B-00C04F79EFBC}") = "Tyuiu.NeupokoevSV.Sprint2.Task0.V26.Lib", "Tyuiu.NeupokoevSV.Sprint2.Task0.V26.Lib\Tyuiu.NeupokoevSV.Sprint2.Task0.V26.Lib.csproj", "{5F22E68E-C8AE-4A02-BAD2-1467381DA91E}"
EndProject
Project("{FAE04EC0-301F-11D3-BF4B-00C04F79EFBC}") = "Tyuiu.NeupokoevSV.Sprint2.Task0.V26.Test", "Tyuiu.NeupokoevSV.Sprint2.Task0.V26.Test\Tyuiu.NeupokoevSV.Sprint2.Task0.V26.Test.csproj", "{7314B442-8B98-49C3-AD3D-59C9799F0902}"
EndProject
Project("{2150E333-8FDC-42A3-9474-1A3956D46DE8}") = "Task1", "Task1", "{1B8A5224-34DB-4CC5-8F92-91EAA05C4A2B}"
EndProject
Project("{FAE04EC0-301F-11D3-BF4B-00C04F79EFBC}") = "Tyuiu.NeupokoevSV.Sprint2.Task1.V22", "Tyuiu.NeupokoevSV.Sprint2.Task1.V22\Tyuiu.NeupokoevSV.Sprint2.Task1.V22.csproj", "{41AD2CB8-4FB6-45F6-ABC5-263DFFDF8061}"
EndProject
Project("{FAE04EC0-301F-11D3-BF4B-00C04F79EFBC}") = "Tyuiu.NeupokoevSV.Sprint2.Task1.V22.Test", "Tyuiu.NeupokoevSV.Sprint2.Task1.V22.Test\Tyuiu.NeupokoevSV.Sprint2.Task1.V22.Test.csproj", "{BD27DE4E-7AF8-44CD-A97C-EE878615F5CE}"
EndProject
Project("{FAE04EC0-301F-11D3-BF4B-00C04F79EFBC}") = "Tyuiu.NeupokoevSV.Sprint2.Task1.V22.Lib", "Tyuiu.NeupokoevSV.Sprint2.Task1.V22.Lib\Tyuiu.NeupokoevSV.Sprint2.Task1.V22.Lib.csproj", "{54D8B97C-F801-45CC-90FF-F425F976AB06}"
EndProject
Project("{2150E333-8FDC-42A3-9474-1A3956D46DE8}") = "Task2", "Task2", "{B4981D59-41F1-4794-BC1C-0FE4FF33AC83}"
EndProject
Project("{FAE04EC0-301F-11D3-BF4B-00C04F79EFBC}") = "Tyuiu.NeupokoevSV.Sprint2.Task2.V12", "Tyuiu.NeupokoevSV.Sprint2.Task2.V12\Tyuiu.NeupokoevSV.Sprint2.Task2.V12.csproj", "{EE652923-B645-40F8-AA9E-6DA68FD03D8B}"
EndProject
Project("{FAE04EC0-301F-11D3-BF4B-00C04F79EFBC}") = "Tyuiu.NeupokoevSV.Sprint2.Task2.V12.Lib", "Tyuiu.NeupokoevSV.Sprint2.Task2.V12.Lib\Tyuiu.NeupokoevSV.Sprint2.Task2.V12.Lib.csproj", "{AFDB4BB7-3CA5-4D4C-AA84-6A21262E5001}"
EndProject
Project("{FAE04EC0-301F-11D3-BF4B-00C04F79EFBC}") = "Tyuiu.NeupokoevSV.Sprint2.Task2.V12.Test", "Tyuiu.NeupokoevSV.Sprint2.Task2.V12.Test\Tyuiu.NeupokoevSV.Sprint2.Task2.V12.Test.csproj", "{D5359497-E971-4211-803B-032F6890231F}"
EndProject
Project("{2150E333-8FDC-42A3-9474-1A3956D46DE8}") = "Task3", "Task3", "{95C077C0-350A-4FD8-B2B0-625B77A1123D}"
EndProject
Project("{FAE04EC0-301F-11D3-BF4B-00C04F79EFBC}") = "Tyuiu.NeupokoevSV.Sprint2.Task3.V19", "Tyuiu.NeupokoevSV.Sprint2.Task3.V19\Tyuiu.NeupokoevSV.Sprint2.Task3.V19.csproj", "{B5759DD1-DB5F-4EA5-BA7D-7237B779E530}"
EndProject
Project("{FAE04EC0-301F-11D3-BF4B-00C04F79EFBC}") = "Tyuiu.NeupokoevSV.Sprint2.Task3.V19.Lib", "Tyuiu.NeupokoevSV.Sprint2.Task3.V19.Lib\Tyuiu.NeupokoevSV.Sprint2.Task3.V19.Lib.csproj", "{8B1FBAB1-7F39-4193-AC08-10DB5015F7CE}"
EndProject
Project("{FAE04EC0-301F-11D3-BF4B-00C04F79EFBC}") = "Tyuiu.NeupokoevSV.Sprint2.Task3.V19.Test", "Tyuiu.NeupokoevSV.Sprint2.Task3.V19.Test\Tyuiu.NeupokoevSV.Sprint2.Task3.V19.Test.csproj", "{9A52F57E-F98F-4CC1-A20B-EA5A5A0A9979}"
EndProject
Global
	GlobalSection(SolutionConfigurationPlatforms) = preSolution
		Debug|Any CPU = Debug|Any CPU
		Release|Any CPU = Release|Any CPU
	EndGlobalSection
	GlobalSection(ProjectConfigurationPlatforms) = postSolution
		{BCEF3392-17CE-4D9A-91C6-488C318DA20D}.Debug|Any CPU.ActiveCfg = Debug|Any CPU
		{BCEF3392-17CE-4D9A-91C6-488C318DA20D}.Debug|Any CPU.Build.0 = Debug|Any CPU
		{BCEF3392-17CE-4D9A-91C6-488C318DA20D}.Release|Any CPU.ActiveCfg = Release|Any CPU
		{BCEF3392-17CE-4D9A-91C6-488C318DA20D}.Release|Any CPU.Build.0 = Release|Any CPU
		{5F22E68E-C8AE-4A02-BAD2-1467381DA91E}.Debug|Any CPU.ActiveCfg = Debug|Any CPU
		{5F22E68E-C8AE-4A02-BAD2-1467381DA91E}.Debug|Any CPU.Build.0 = Debug|Any CPU
		{5F22E68E-C8AE-4A02-BAD2-1467381DA91E}.Release|Any CPU.ActiveCfg = Release|Any CPU
		{5F22E68E-C8AE-4A02-BAD2-1467381DA91E}.Release|Any CPU.Build.0 = Release|Any CPU
		{7314B442-8B98-49C3-AD3D-59C9799F0902}.Debug|Any CPU.ActiveCfg = Debug|Any CPU
		{7314B442-8B98-49C3-AD3D-59C9799F0902}.Debug|Any CPU.Build.0 = Debug|Any CPU
		{7314B442-8B98-49C3-AD3D-59C9799F0902}.Release|Any CPU.ActiveCfg = Release|Any CPU
		{7314B442-8B98-49C3-AD3D-59C9799F0902}.Release|Any CPU.Build.0 = Release|Any CPU
		{41AD2CB8-4FB6-45F6-ABC5-263DFFDF8061}.Debug|Any CPU.ActiveCfg = Debug|Any CPU
		{41AD2CB8-4FB6-45F6-ABC5-263DFFDF8061}.Debug|Any CPU.Build.0 = Debug|Any CPU
		{41AD2CB8-4FB6-45F6-ABC5-263DFFDF8061}.Release|Any CPU.ActiveCfg = Release|Any CPU
		{41AD2CB8-4FB6-45F6-ABC5-263DFFDF8061}.Release|Any CPU.Build.0 = Release|Any CPU
		{BD27DE4E-7AF8-44CD-A97C-EE878615F5CE}.Debug|Any CPU.ActiveCfg = Debug|Any CPU
		{BD27DE4E-7AF8-44CD-A97C-EE878615F5CE}.Debug|Any CPU.Build.0 = Debug|Any CPU
		{BD27DE4E-7AF8-44CD-A97C-EE878615F5CE}.Release|Any CPU.ActiveCfg = Release|Any CPU
		{BD27DE4E-7AF8-44CD-A97C-EE878615F5CE}.Release|Any CPU.Build.0 = Release|Any CPU
		{54D8B97C-F801-45CC-90FF-F425F976AB06}.Debug|Any CPU.ActiveCfg = Debug|Any CPU
		{54D8B97C-F801-45CC-90FF-F425F976AB06}.Debug|Any CPU.Build.0 = Debug|Any CPU
		{54D8B97C-F801-45CC-90FF-F425F976AB06}.Release|Any CPU.ActiveCfg = Release|Any CPU
		{54D8B97C-F801-45CC-90FF-F425F976AB06}.Release|Any CPU.Build.0 = Release|Any CPU
		{EE652923-B645-40F8-AA9E-6DA68FD03D8B}.Debug|Any CPU.ActiveCfg = Debug|Any CPU
		{EE652923-B645-40F8-AA9E-6DA68FD03D8B}.Debug|Any CPU.Build.0 = Debug|Any CPU
		{EE652923-B645-40F8-AA9E-6DA68FD03D8B}.Release|Any CPU.ActiveCfg = Release|Any CPU
		{EE652923-B645-40F8-AA9E-6DA68FD03D8B}.Release|Any CPU.Build.0 = Release|Any CPU
		{AFDB4BB7-3CA5-4D4C-AA84-6A21262E5001}.Debug|Any CPU.ActiveCfg = Debug|Any CPU
		{AFDB4BB7-3CA5-4D4C-AA84-6A21262E5001}.Debug|Any CPU.Build.0 = Debug|Any CPU
		{AFDB4BB7-3CA5-4D4C-AA84-6A21262E5001}.Release|Any CPU.ActiveCfg = Release|Any CPU
		{AFDB4BB7-3CA5-4D4C-AA84-6A21262E5001}.Release|Any CPU.Build.0 = Release|Any CPU
		{D5359497-E971-4211-803B-032F6890231F}.Debug|Any CPU.ActiveCfg = Debug|Any CPU
		{D5359497-E971-4211-803B-032F6890231F}.Debug|Any CPU.Build.0 = Debug|Any CPU
		{D5359497-E971-4211-803B-032F6890231F}.Release|Any CPU.ActiveCfg = Release|Any CPU
		{D5359497-E971-4211-803B-032F6890231F}.Release|Any CPU.Build.0 = Release|Any CPU
		{B5759DD1-DB5F-4EA5-BA7D-7237B779E530}.Debug|Any CPU.ActiveCfg = Debug|Any CPU
		{B5759DD1-DB5F-4EA5-BA7D-7237B779E530}.Debug|Any CPU.Build.0 = Debug|Any CPU
		{B5759DD1-DB5F-4EA5-BA7D-7237B779E530}.Release|Any CPU.ActiveCfg = Release|Any CPU
		{B5759DD1-DB5F-4EA5-BA7D-7237B779E530}.Release|Any CPU.Build.0 = Release|Any CPU
		{8B1FBAB1-7F39-4193-AC08-10DB5015F7CE}.Debug|Any CPU.ActiveCfg = Debug|Any CPU
		{8B1FBAB1-7F39-4193-AC08-10DB5015F7CE}.Debug|Any CPU.Build.0 = Debug|Any CPU
		{8B1FBAB1-7F39-4193-AC08-10DB5015F7CE}.Release|Any CPU.ActiveCfg = Release|Any CPU
		{8B1FBAB1-7F39-4193-AC08-10DB5015F7CE}.Release|Any CPU.Build.0 = Release|Any CPU
		{9A52F57E-F98F-4CC1-A20B-EA5A5A0A9979}.Debug|Any CPU.ActiveCfg = Debug|Any CPU
		{9A52F57E-F98F-4CC1-A20B-EA5A5A0A9979}.Debug|Any CPU.Build.0 = Debug|Any CPU
		{9A52F57E-F98F-4CC1-A20B-EA5A5A0A9979}.Release|Any CPU.ActiveCfg = Release|Any CPU
		{9A52F57E-F98F-4CC1-A20B-EA5A5A0A9979}.Release|Any CPU.Build.0 = Release|Any CPU
	EndGlobalSection
	GlobalSection(SolutionProperties) = preSolution
		HideSolutionNode = FALSE
	EndGlobalSection
	GlobalSection(NestedProjects) = preSolution
		{BCEF3392-17CE-4D9A-91C6-488C318DA20D} = {02EA681E-C7D8-13C7-8484-4AC65E1B71E8}
		{5F22E68E-C8AE-4A02-BAD2-1467381DA91E} = {02EA681E-C7D8-13C7-8484-4AC65E1B71E8}
		{7314B442-8B98-49C3-AD3D-59C9799F0902} = {02EA681E-C7D8-13C7-8484-4AC65E1B71E8}
		{41AD2CB8-4FB6-45F6-ABC5-263DFFDF8061} = {1B8A5224-34DB-4CC5-8F92-91EAA05C4A2B}
		{BD27DE4E-7AF8-44CD-A97C-EE878615F5CE} = {1B8A5224-34DB-4CC5-8F92-91EAA05C4A2B}
		{54D8B97C-F801-45CC-90FF-F425F976AB06} = {1B8A5224-34DB-4CC5-8F92-91EAA05C4A2B}
		{EE652923-B645-40F8-AA9E-6DA68FD03D8B} = {B4981D59-41F1-4794-BC1C-0FE4FF33AC83}
		{AFDB4BB7-3CA5-4D4C-AA84-6A21262E5001} = {B4981D59-41F1-4794-BC1C-0FE4FF33AC83}
		{D5359497-E971-4211-803B-032F6890231F} = {B4981D59-41F1-4794-BC1C-0FE4FF33AC83}
		{B5759DD1-DB5F-4EA5-BA7D-7237B779E530} = {95C077C0-350A-4FD8-B2B0-625B77A1123D}
		{8B1FBAB1-7F39-4193-AC08-10DB5015F7CE} = {95C077C0-350A-4FD8-B2B0-625B77A1123D}
		{9A52F57E-F98F-4CC1-A20B-EA5A5A0A9979} = {95C077C0-350A-4FD8-B2B0-625B77A1123D}
	EndGlobalSection
	GlobalSection(ExtensibilityGlobals) = postSolution
		SolutionGuid = {B962247B-2DED-4743-A51C-2E0D4235F614}
	EndGlobalSection
EndGlobal
